{
  "version": 4,
  "terraform_version": "1.4.4",
  "serial": 689,
  "lineage": "54dd3405-7128-41a5-dba4-68ae285b6365",
  "outputs": {
    "public_subnet_id": {
      "value": "aws_subnet.public_subnet.id",
      "type": "string"
    },
    "vpc_id": {
      "value": "vpc-0cf1b3d813da2abf4",
      "type": "string"
    }
  },
  "resources": [
    {
      "mode": "data",
      "type": "aws_ami",
      "name": "amazon_linux",
      "provider": "provider[\"registry.terraform.io/hashicorp/aws\"]",
      "instances": [
        {
          "schema_version": 0,
          "attributes": {
            "architecture": "x86_64",
            "arn": "arn:aws:ec2:us-east-2::image/ami-0497047c3dbd4485e",
            "block_device_mappings": [
              {
                "device_name": "/dev/xvda",
                "ebs": {
                  "delete_on_termination": "true",
                  "encrypted": "false",
                  "iops": "0",
                  "snapshot_id": "snap-0224e785f4051a444",
                  "throughput": "0",
                  "volume_size": "8",
                  "volume_type": "gp2"
                },
                "no_device": "",
                "virtual_name": ""
              }
            ],
            "boot_mode": "",
            "creation_date": "2023-07-27T02:47:22.000Z",
            "deprecation_time": "2025-07-27T02:47:22.000Z",
            "description": "Amazon Linux 2 AMI 2.0.20230727.0 x86_64 HVM gp2",
            "ena_support": true,
            "executable_users": null,
            "filter": [
              {
                "name": "name",
                "values": [
                  "amzn2-ami-hvm-2.0*"
                ]
              },
              {
                "name": "root-device-type",
                "values": [
                  "ebs"
                ]
              },
              {
                "name": "virtualization-type",
                "values": [
                  "hvm"
                ]
              }
            ],
            "hypervisor": "xen",
            "id": "ami-0497047c3dbd4485e",
            "image_id": "ami-0497047c3dbd4485e",
            "image_location": "amazon/amzn2-ami-hvm-2.0.20230727.0-x86_64-gp2",
            "image_owner_alias": "amazon",
            "image_type": "machine",
            "imds_support": "",
            "include_deprecated": false,
            "kernel_id": "",
            "most_recent": true,
            "name": "amzn2-ami-hvm-2.0.20230727.0-x86_64-gp2",
            "name_regex": null,
            "owner_id": "137112412989",
            "owners": [
              "amazon"
            ],
            "platform": "",
            "platform_details": "Linux/UNIX",
            "product_codes": [],
            "public": true,
            "ramdisk_id": "",
            "root_device_name": "/dev/xvda",
            "root_device_type": "ebs",
            "root_snapshot_id": "snap-0224e785f4051a444",
            "sriov_net_support": "simple",
            "state": "available",
            "state_reason": {
              "code": "UNSET",
              "message": "UNSET"
            },
            "tags": {},
            "timeouts": null,
            "tpm_support": "",
            "usage_operation": "RunInstances",
            "virtualization_type": "hvm"
          },
          "sensitive_attributes": []
        }
      ]
    },
    {
      "mode": "managed",
      "type": "aws_instance",
      "name": "Jenkins",
      "provider": "provider[\"registry.terraform.io/hashicorp/aws\"]",
      "instances": [
        {
          "schema_version": 1,
          "attributes": {
            "ami": "ami-024e6efaf93d85776",
            "arn": "arn:aws:ec2:us-east-2:989589514705:instance/i-0ea510272ccf88101",
            "associate_public_ip_address": true,
            "availability_zone": "us-east-2a",
            "capacity_reservation_specification": [
              {
                "capacity_reservation_preference": "open",
                "capacity_reservation_target": []
              }
            ],
            "cpu_core_count": 2,
            "cpu_options": [
              {
                "amd_sev_snp": "",
                "core_count": 2,
                "threads_per_core": 1
              }
            ],
            "cpu_threads_per_core": 1,
            "credit_specification": [
              {
                "cpu_credits": "standard"
              }
            ],
            "disable_api_stop": false,
            "disable_api_termination": false,
            "ebs_block_device": [],
            "ebs_optimized": false,
            "enclave_options": [
              {
                "enabled": false
              }
            ],
            "ephemeral_block_device": [],
            "get_password_data": false,
            "hibernation": false,
            "host_id": "",
            "host_resource_group_arn": null,
            "iam_instance_profile": "",
            "id": "i-0ea510272ccf88101",
            "instance_initiated_shutdown_behavior": "stop",
            "instance_lifecycle": "",
            "instance_market_options": [],
            "instance_state": "running",
            "instance_type": "t2.medium",
            "ipv6_address_count": 0,
            "ipv6_addresses": [],
            "key_name": "OHIO-Keypair",
            "launch_template": [],
            "maintenance_options": [
              {
                "auto_recovery": "default"
              }
            ],
            "metadata_options": [
              {
                "http_endpoint": "enabled",
                "http_put_response_hop_limit": 1,
                "http_tokens": "optional",
                "instance_metadata_tags": "disabled"
              }
            ],
            "monitoring": false,
            "network_interface": [],
            "outpost_arn": "",
            "password_data": "",
            "placement_group": "",
            "placement_partition_number": 0,
            "primary_network_interface_id": "eni-0cf5793258868f74c",
            "private_dns": "ip-10-0-1-254.us-east-2.compute.internal",
            "private_dns_name_options": [
              {
                "enable_resource_name_dns_a_record": false,
                "enable_resource_name_dns_aaaa_record": false,
                "hostname_type": "ip-name"
              }
            ],
            "private_ip": "10.0.1.254",
            "public_dns": "",
            "public_ip": "52.14.109.150",
            "root_block_device": [
              {
                "delete_on_termination": true,
                "device_name": "/dev/sda1",
                "encrypted": false,
                "iops": 100,
                "kms_key_id": "",
                "tags": {},
                "throughput": 0,
                "volume_id": "vol-000fc3248e562f22f",
                "volume_size": 8,
                "volume_type": "gp2"
              }
            ],
            "secondary_private_ips": [],
            "security_groups": [],
            "source_dest_check": true,
            "spot_instance_request_id": "",
            "subnet_id": "subnet-09d4d80c3ad4e2214",
            "tags": {
              "Env": "Dev",
              "Name": "jenkins"
            },
            "tags_all": {
              "Env": "Dev",
              "Name": "jenkins"
            },
            "tenancy": "default",
            "timeouts": null,
            "user_data": "85ba722495ed801546538efe50363f9910e24237",
            "user_data_base64": null,
            "user_data_replace_on_change": false,
            "volume_tags": null,
            "vpc_security_group_ids": [
              "sg-029df39406da2a5cc",
              "sg-0607018f06e7f34a1",
              "sg-0aa58ce4cc838aafd"
            ]
          },
          "sensitive_attributes": [],
          "private": "eyJlMmJmYjczMC1lY2FhLTExZTYtOGY4OC0zNDM2M2JjN2M0YzAiOnsiY3JlYXRlIjo2MDAwMDAwMDAwMDAsImRlbGV0ZSI6MTIwMDAwMDAwMDAwMCwidXBkYXRlIjo2MDAwMDAwMDAwMDB9LCJzY2hlbWFfdmVyc2lvbiI6IjEifQ==",
          "dependencies": [
            "aws_security_group.http_sg",
            "aws_security_group.jenkins_sg",
            "aws_security_group.ssh_sg",
            "aws_subnet.public_subnet",
            "aws_vpc.LouisVPC"
          ]
        }
      ]
    },
    {
      "mode": "managed",
      "type": "aws_instance",
      "name": "Nexus",
      "provider": "provider[\"registry.terraform.io/hashicorp/aws\"]",
      "instances": [
        {
          "schema_version": 1,
          "attributes": {
            "ami": "ami-098dd3a86ea110896",
            "arn": "arn:aws:ec2:us-east-2:989589514705:instance/i-015c233ca8495a602",
            "associate_public_ip_address": true,
            "availability_zone": "us-east-2a",
            "capacity_reservation_specification": [
              {
                "capacity_reservation_preference": "open",
                "capacity_reservation_target": []
              }
            ],
            "cpu_core_count": 1,
            "cpu_options": [
              {
                "amd_sev_snp": "",
                "core_count": 1,
                "threads_per_core": 1
              }
            ],
            "cpu_threads_per_core": 1,
            "credit_specification": [
              {
                "cpu_credits": "standard"
              }
            ],
            "disable_api_stop": false,
            "disable_api_termination": false,
            "ebs_block_device": [],
            "ebs_optimized": false,
            "enclave_options": [
              {
                "enabled": false
              }
            ],
            "ephemeral_block_device": [],
            "get_password_data": false,
            "hibernation": false,
            "host_id": "",
            "host_resource_group_arn": null,
            "iam_instance_profile": "",
            "id": "i-015c233ca8495a602",
            "instance_initiated_shutdown_behavior": "stop",
            "instance_lifecycle": "",
            "instance_market_options": [],
            "instance_state": "running",
            "instance_type": "t2.micro",
            "ipv6_address_count": 0,
            "ipv6_addresses": [],
            "key_name": "OHIO-Keypair",
            "launch_template": [],
            "maintenance_options": [
              {
                "auto_recovery": "default"
              }
            ],
            "metadata_options": [
              {
                "http_endpoint": "enabled",
                "http_put_response_hop_limit": 1,
                "http_tokens": "optional",
                "instance_metadata_tags": "disabled"
              }
            ],
            "monitoring": false,
            "network_interface": [],
            "outpost_arn": "",
            "password_data": "",
            "placement_group": "",
            "placement_partition_number": 0,
            "primary_network_interface_id": "eni-0c863b90193139dab",
            "private_dns": "ip-10-0-1-89.us-east-2.compute.internal",
            "private_dns_name_options": [
              {
                "enable_resource_name_dns_a_record": false,
                "enable_resource_name_dns_aaaa_record": false,
                "hostname_type": "ip-name"
              }
            ],
            "private_ip": "10.0.1.89",
            "public_dns": "",
            "public_ip": "18.119.116.45",
            "root_block_device": [
              {
                "delete_on_termination": true,
                "device_name": "/dev/xvda",
                "encrypted": false,
                "iops": 100,
                "kms_key_id": "",
                "tags": {},
                "throughput": 0,
                "volume_id": "vol-07442850ec40e684d",
                "volume_size": 8,
                "volume_type": "gp2"
              }
            ],
            "secondary_private_ips": [],
            "security_groups": [],
            "source_dest_check": true,
            "spot_instance_request_id": "",
            "subnet_id": "subnet-09d4d80c3ad4e2214",
            "tags": {
              "Env": "Dev",
              "Name": "Nexus"
            },
            "tags_all": {
              "Env": "Dev",
              "Name": "Nexus"
            },
            "tenancy": "default",
            "timeouts": null,
            "user_data": null,
            "user_data_base64": null,
            "user_data_replace_on_change": false,
            "volume_tags": null,
            "vpc_security_group_ids": [
              "sg-029df39406da2a5cc",
              "sg-0aa58ce4cc838aafd"
            ]
          },
          "sensitive_attributes": [],
          "private": "eyJlMmJmYjczMC1lY2FhLTExZTYtOGY4OC0zNDM2M2JjN2M0YzAiOnsiY3JlYXRlIjo2MDAwMDAwMDAwMDAsImRlbGV0ZSI6MTIwMDAwMDAwMDAwMCwidXBkYXRlIjo2MDAwMDAwMDAwMDB9LCJzY2hlbWFfdmVyc2lvbiI6IjEifQ==",
          "dependencies": [
            "aws_security_group.http_sg",
            "aws_security_group.ssh_sg",
            "aws_subnet.public_subnet",
            "aws_vpc.LouisVPC"
          ]
        }
      ]
    },
    {
      "mode": "managed",
      "type": "aws_instance",
      "name": "SonarQube",
      "provider": "provider[\"registry.terraform.io/hashicorp/aws\"]",
      "instances": [
        {
          "schema_version": 1,
          "attributes": {
            "ami": "ami-098dd3a86ea110896",
            "arn": "arn:aws:ec2:us-east-2:989589514705:instance/i-06b01750828369dfb",
            "associate_public_ip_address": true,
            "availability_zone": "us-east-2a",
            "capacity_reservation_specification": [
              {
                "capacity_reservation_preference": "open",
                "capacity_reservation_target": []
              }
            ],
            "cpu_core_count": 2,
            "cpu_options": [
              {
                "amd_sev_snp": "",
                "core_count": 2,
                "threads_per_core": 1
              }
            ],
            "cpu_threads_per_core": 1,
            "credit_specification": [
              {
                "cpu_credits": "standard"
              }
            ],
            "disable_api_stop": false,
            "disable_api_termination": false,
            "ebs_block_device": [],
            "ebs_optimized": false,
            "enclave_options": [
              {
                "enabled": false
              }
            ],
            "ephemeral_block_device": [],
            "get_password_data": false,
            "hibernation": false,
            "host_id": "",
            "host_resource_group_arn": null,
            "iam_instance_profile": "",
            "id": "i-06b01750828369dfb",
            "instance_initiated_shutdown_behavior": "stop",
            "instance_lifecycle": "",
            "instance_market_options": [],
            "instance_state": "running",
            "instance_type": "t2.medium",
            "ipv6_address_count": 0,
            "ipv6_addresses": [],
            "key_name": "OHIO-Keypair",
            "launch_template": [],
            "maintenance_options": [
              {
                "auto_recovery": "default"
              }
            ],
            "metadata_options": [
              {
                "http_endpoint": "enabled",
                "http_put_response_hop_limit": 1,
                "http_tokens": "optional",
                "instance_metadata_tags": "disabled"
              }
            ],
            "monitoring": false,
            "network_interface": [],
            "outpost_arn": "",
            "password_data": "",
            "placement_group": "",
            "placement_partition_number": 0,
            "primary_network_interface_id": "eni-00049cff61522edbe",
            "private_dns": "ip-10-0-1-154.us-east-2.compute.internal",
            "private_dns_name_options": [
              {
                "enable_resource_name_dns_a_record": false,
                "enable_resource_name_dns_aaaa_record": false,
                "hostname_type": "ip-name"
              }
            ],
            "private_ip": "10.0.1.154",
            "public_dns": "",
            "public_ip": "18.118.189.25",
            "root_block_device": [
              {
                "delete_on_termination": true,
                "device_name": "/dev/xvda",
                "encrypted": false,
                "iops": 100,
                "kms_key_id": "",
                "tags": {},
                "throughput": 0,
                "volume_id": "vol-0fde4d308a6c5674e",
                "volume_size": 8,
                "volume_type": "gp2"
              }
            ],
            "secondary_private_ips": [],
            "security_groups": [],
            "source_dest_check": true,
            "spot_instance_request_id": "",
            "subnet_id": "subnet-09d4d80c3ad4e2214",
            "tags": {
              "Env": "Dev",
              "Name": "SonarQube"
            },
            "tags_all": {
              "Env": "Dev",
              "Name": "SonarQube"
            },
            "tenancy": "default",
            "timeouts": null,
            "user_data": null,
            "user_data_base64": null,
            "user_data_replace_on_change": false,
            "volume_tags": null,
            "vpc_security_group_ids": [
              "sg-029df39406da2a5cc",
              "sg-0aa58ce4cc838aafd"
            ]
          },
          "sensitive_attributes": [],
          "private": "eyJlMmJmYjczMC1lY2FhLTExZTYtOGY4OC0zNDM2M2JjN2M0YzAiOnsiY3JlYXRlIjo2MDAwMDAwMDAwMDAsImRlbGV0ZSI6MTIwMDAwMDAwMDAwMCwidXBkYXRlIjo2MDAwMDAwMDAwMDB9LCJzY2hlbWFfdmVyc2lvbiI6IjEifQ==",
          "dependencies": [
            "aws_security_group.http_sg",
            "aws_security_group.ssh_sg",
            "aws_subnet.public_subnet",
            "aws_vpc.LouisVPC"
          ]
        }
      ]
    },
    {
      "mode": "managed",
      "type": "aws_instance",
      "name": "werso-instance",
      "provider": "provider[\"registry.terraform.io/hashicorp/aws\"]",
      "instances": [
        {
          "schema_version": 1,
          "attributes": {
            "ami": "ami-098dd3a86ea110896",
            "arn": "arn:aws:ec2:us-east-2:989589514705:instance/i-037e0ea936b3ae67e",
            "associate_public_ip_address": true,
            "availability_zone": "us-east-2a",
            "capacity_reservation_specification": [
              {
                "capacity_reservation_preference": "open",
                "capacity_reservation_target": []
              }
            ],
            "cpu_core_count": 2,
            "cpu_options": [
              {
                "amd_sev_snp": "",
                "core_count": 2,
                "threads_per_core": 1
              }
            ],
            "cpu_threads_per_core": 1,
            "credit_specification": [
              {
                "cpu_credits": "standard"
              }
            ],
            "disable_api_stop": false,
            "disable_api_termination": false,
            "ebs_block_device": [],
            "ebs_optimized": false,
            "enclave_options": [
              {
                "enabled": false
              }
            ],
            "ephemeral_block_device": [],
            "get_password_data": false,
            "hibernation": false,
            "host_id": "",
            "host_resource_group_arn": null,
            "iam_instance_profile": "",
            "id": "i-037e0ea936b3ae67e",
            "instance_initiated_shutdown_behavior": "stop",
            "instance_lifecycle": "",
            "instance_market_options": [],
            "instance_state": "running",
            "instance_type": "t2.medium",
            "ipv6_address_count": 0,
            "ipv6_addresses": [],
            "key_name": "OHIO-Keypair",
            "launch_template": [],
            "maintenance_options": [
              {
                "auto_recovery": "default"
              }
            ],
            "metadata_options": [
              {
                "http_endpoint": "enabled",
                "http_put_response_hop_limit": 1,
                "http_tokens": "optional",
                "instance_metadata_tags": "disabled"
              }
            ],
            "monitoring": false,
            "network_interface": [],
            "outpost_arn": "",
            "password_data": "",
            "placement_group": "",
            "placement_partition_number": 0,
            "primary_network_interface_id": "eni-0ac756e8e89431a4c",
            "private_dns": "ip-10-0-1-229.us-east-2.compute.internal",
            "private_dns_name_options": [
              {
                "enable_resource_name_dns_a_record": false,
                "enable_resource_name_dns_aaaa_record": false,
                "hostname_type": "ip-name"
              }
            ],
            "private_ip": "10.0.1.229",
            "public_dns": "",
            "public_ip": "18.218.0.199",
            "root_block_device": [
              {
                "delete_on_termination": true,
                "device_name": "/dev/xvda",
                "encrypted": false,
                "iops": 100,
                "kms_key_id": "",
                "tags": {},
                "throughput": 0,
                "volume_id": "vol-0f49b873b0a653e65",
                "volume_size": 8,
                "volume_type": "gp2"
              }
            ],
            "secondary_private_ips": [],
            "security_groups": [],
            "source_dest_check": true,
            "spot_instance_request_id": "",
            "subnet_id": "subnet-09d4d80c3ad4e2214",
            "tags": {
              "Env": "Dev",
              "Name": "werso-instance"
            },
            "tags_all": {
              "Env": "Dev",
              "Name": "werso-instance"
            },
            "tenancy": "default",
            "timeouts": null,
            "user_data": "58419ea5b59efca56e81ae54a6c0ca569e3b6d35",
            "user_data_base64": null,
            "user_data_replace_on_change": false,
            "volume_tags": null,
            "vpc_security_group_ids": [
              "sg-029df39406da2a5cc",
              "sg-0aa58ce4cc838aafd"
            ]
          },
          "sensitive_attributes": [],
          "private": "eyJlMmJmYjczMC1lY2FhLTExZTYtOGY4OC0zNDM2M2JjN2M0YzAiOnsiY3JlYXRlIjo2MDAwMDAwMDAwMDAsImRlbGV0ZSI6MTIwMDAwMDAwMDAwMCwidXBkYXRlIjo2MDAwMDAwMDAwMDB9LCJzY2hlbWFfdmVyc2lvbiI6IjEifQ==",
          "dependencies": [
            "aws_security_group.http_sg",
            "aws_security_group.ssh_sg",
            "aws_subnet.public_subnet",
            "aws_vpc.LouisVPC"
          ]
        }
      ]
    },
    {
      "mode": "managed",
      "type": "aws_internet_gateway",
      "name": "gw",
      "provider": "provider[\"registry.terraform.io/hashicorp/aws\"]",
      "instances": [
        {
          "schema_version": 0,
          "attributes": {
            "arn": "arn:aws:ec2:us-east-2:989589514705:internet-gateway/igw-02eed8a8ed2fb9e34",
            "id": "igw-02eed8a8ed2fb9e34",
            "owner_id": "989589514705",
            "tags": {
              "name": "LouisVPC-IGW"
            },
            "tags_all": {
              "name": "LouisVPC-IGW"
            },
            "timeouts": null,
            "vpc_id": "vpc-0cf1b3d813da2abf4"
          },
          "sensitive_attributes": [],
          "private": "eyJlMmJmYjczMC1lY2FhLTExZTYtOGY4OC0zNDM2M2JjN2M0YzAiOnsiY3JlYXRlIjoxMjAwMDAwMDAwMDAwLCJkZWxldGUiOjEyMDAwMDAwMDAwMDAsInVwZGF0ZSI6MTIwMDAwMDAwMDAwMH19",
          "dependencies": [
            "aws_vpc.LouisVPC"
          ]
        }
      ]
    },
    {
      "mode": "managed",
      "type": "aws_route",
      "name": "public_internet_gateway_route",
      "provider": "provider[\"registry.terraform.io/hashicorp/aws\"]",
      "instances": [
        {
          "schema_version": 0,
          "attributes": {
            "carrier_gateway_id": "",
            "core_network_arn": "",
            "destination_cidr_block": "0.0.0.0/0",
            "destination_ipv6_cidr_block": "",
            "destination_prefix_list_id": "",
            "egress_only_gateway_id": "",
            "gateway_id": "igw-02eed8a8ed2fb9e34",
            "id": "r-rtb-04ff07aa160f496681080289494",
            "instance_id": "",
            "instance_owner_id": "",
            "local_gateway_id": "",
            "nat_gateway_id": "",
            "network_interface_id": "",
            "origin": "CreateRoute",
            "route_table_id": "rtb-04ff07aa160f49668",
            "state": "active",
            "timeouts": null,
            "transit_gateway_id": "",
            "vpc_endpoint_id": "",
            "vpc_peering_connection_id": ""
          },
          "sensitive_attributes": [],
          "private": "eyJlMmJmYjczMC1lY2FhLTExZTYtOGY4OC0zNDM2M2JjN2M0YzAiOnsiY3JlYXRlIjozMDAwMDAwMDAwMDAsImRlbGV0ZSI6MzAwMDAwMDAwMDAwLCJ1cGRhdGUiOjEyMDAwMDAwMDAwMH19",
          "dependencies": [
            "aws_internet_gateway.gw",
            "aws_route_table.public_route_table",
            "aws_vpc.LouisVPC"
          ]
        }
      ]
    },
    {
      "mode": "managed",
      "type": "aws_route_table",
      "name": "private_route_table",
      "provider": "provider[\"registry.terraform.io/hashicorp/aws\"]",
      "instances": [
        {
          "schema_version": 0,
          "attributes": {
            "arn": "arn:aws:ec2:us-east-2:989589514705:route-table/rtb-0f9756902b5081e50",
            "id": "rtb-0f9756902b5081e50",
            "owner_id": "989589514705",
            "propagating_vgws": [],
            "route": [],
            "tags": {
              "Name": "PrivateRouteTable"
            },
            "tags_all": {
              "Name": "PrivateRouteTable"
            },
            "timeouts": null,
            "vpc_id": "vpc-0cf1b3d813da2abf4"
          },
          "sensitive_attributes": [],
          "private": "eyJlMmJmYjczMC1lY2FhLTExZTYtOGY4OC0zNDM2M2JjN2M0YzAiOnsiY3JlYXRlIjozMDAwMDAwMDAwMDAsImRlbGV0ZSI6MzAwMDAwMDAwMDAwLCJ1cGRhdGUiOjEyMDAwMDAwMDAwMH19",
          "dependencies": [
            "aws_vpc.LouisVPC"
          ]
        }
      ]
    },
    {
      "mode": "managed",
      "type": "aws_route_table",
      "name": "public_route_table",
      "provider": "provider[\"registry.terraform.io/hashicorp/aws\"]",
      "instances": [
        {
          "schema_version": 0,
          "attributes": {
            "arn": "arn:aws:ec2:us-east-2:989589514705:route-table/rtb-04ff07aa160f49668",
            "id": "rtb-04ff07aa160f49668",
            "owner_id": "989589514705",
            "propagating_vgws": [],
            "route": [
              {
                "carrier_gateway_id": "",
                "cidr_block": "0.0.0.0/0",
                "core_network_arn": "",
                "destination_prefix_list_id": "",
                "egress_only_gateway_id": "",
                "gateway_id": "igw-02eed8a8ed2fb9e34",
                "ipv6_cidr_block": "",
                "local_gateway_id": "",
                "nat_gateway_id": "",
                "network_interface_id": "",
                "transit_gateway_id": "",
                "vpc_endpoint_id": "",
                "vpc_peering_connection_id": ""
              }
            ],
            "tags": {
              "Name": "PublicRouteTable"
            },
            "tags_all": {
              "Name": "PublicRouteTable"
            },
            "timeouts": null,
            "vpc_id": "vpc-0cf1b3d813da2abf4"
          },
          "sensitive_attributes": [],
          "private": "eyJlMmJmYjczMC1lY2FhLTExZTYtOGY4OC0zNDM2M2JjN2M0YzAiOnsiY3JlYXRlIjozMDAwMDAwMDAwMDAsImRlbGV0ZSI6MzAwMDAwMDAwMDAwLCJ1cGRhdGUiOjEyMDAwMDAwMDAwMH19",
          "dependencies": [
            "aws_vpc.LouisVPC"
          ]
        }
      ]
    },
    {
      "mode": "managed",
      "type": "aws_route_table_association",
      "name": "public_subnet_association",
      "provider": "provider[\"registry.terraform.io/hashicorp/aws\"]",
      "instances": [
        {
          "schema_version": 0,
          "attributes": {
            "gateway_id": "",
            "id": "rtbassoc-0dc045e64c0d233cf",
            "route_table_id": "rtb-04ff07aa160f49668",
            "subnet_id": "subnet-09d4d80c3ad4e2214",
            "timeouts": null
          },
          "sensitive_attributes": [],
          "private": "eyJlMmJmYjczMC1lY2FhLTExZTYtOGY4OC0zNDM2M2JjN2M0YzAiOnsiY3JlYXRlIjozMDAwMDAwMDAwMDAsImRlbGV0ZSI6MzAwMDAwMDAwMDAwLCJ1cGRhdGUiOjEyMDAwMDAwMDAwMH19",
          "dependencies": [
            "aws_route_table.public_route_table",
            "aws_subnet.public_subnet",
            "aws_vpc.LouisVPC"
          ]
        }
      ]
    },
    {
      "mode": "managed",
      "type": "aws_security_group",
      "name": "http_sg",
      "provider": "provider[\"registry.terraform.io/hashicorp/aws\"]",
      "instances": [
        {
          "schema_version": 1,
          "attributes": {
            "arn": "arn:aws:ec2:us-east-2:989589514705:security-group/sg-029df39406da2a5cc",
            "description": "Allow HTTP inbound traffic",
            "egress": [
              {
                "cidr_blocks": [
                  "0.0.0.0/0"
                ],
                "description": "",
                "from_port": 0,
                "ipv6_cidr_blocks": [],
                "prefix_list_ids": [],
                "protocol": "-1",
                "security_groups": [],
                "self": false,
                "to_port": 0
              }
            ],
            "id": "sg-029df39406da2a5cc",
            "ingress": [
              {
                "cidr_blocks": [
                  "0.0.0.0/0"
                ],
                "description": "",
                "from_port": 80,
                "ipv6_cidr_blocks": [],
                "prefix_list_ids": [],
                "protocol": "tcp",
                "security_groups": [],
                "self": false,
                "to_port": 80
              }
            ],
            "name": "HTTPAccess",
            "name_prefix": "",
            "owner_id": "989589514705",
            "revoke_rules_on_delete": false,
            "tags": {},
            "tags_all": {},
            "timeouts": null,
            "vpc_id": "vpc-0cf1b3d813da2abf4"
          },
          "sensitive_attributes": [],
          "private": "eyJlMmJmYjczMC1lY2FhLTExZTYtOGY4OC0zNDM2M2JjN2M0YzAiOnsiY3JlYXRlIjo2MDAwMDAwMDAwMDAsImRlbGV0ZSI6OTAwMDAwMDAwMDAwfSwic2NoZW1hX3ZlcnNpb24iOiIxIn0=",
          "dependencies": [
            "aws_vpc.LouisVPC"
          ]
        }
      ]
    },
    {
      "mode": "managed",
      "type": "aws_security_group",
      "name": "jenkins_sg",
      "provider": "provider[\"registry.terraform.io/hashicorp/aws\"]",
      "instances": [
        {
          "schema_version": 1,
          "attributes": {
            "arn": "arn:aws:ec2:us-east-2:989589514705:security-group/sg-0607018f06e7f34a1",
            "description": "Allow All inbound traffic",
            "egress": [
              {
                "cidr_blocks": [
                  "0.0.0.0/0"
                ],
                "description": "",
                "from_port": 0,
                "ipv6_cidr_blocks": [],
                "prefix_list_ids": [],
                "protocol": "-1",
                "security_groups": [],
                "self": false,
                "to_port": 0
              }
            ],
            "id": "sg-0607018f06e7f34a1",
            "ingress": [
              {
                "cidr_blocks": [
                  "0.0.0.0/0"
                ],
                "description": "",
                "from_port": 0,
                "ipv6_cidr_blocks": [],
                "prefix_list_ids": [],
                "protocol": "-1",
                "security_groups": [],
                "self": false,
                "to_port": 0
              }
            ],
            "name": "AllAccess",
            "name_prefix": "",
            "owner_id": "989589514705",
            "revoke_rules_on_delete": false,
            "tags": {},
            "tags_all": {},
            "timeouts": null,
            "vpc_id": "vpc-0cf1b3d813da2abf4"
          },
          "sensitive_attributes": [],
          "private": "eyJlMmJmYjczMC1lY2FhLTExZTYtOGY4OC0zNDM2M2JjN2M0YzAiOnsiY3JlYXRlIjo2MDAwMDAwMDAwMDAsImRlbGV0ZSI6OTAwMDAwMDAwMDAwfSwic2NoZW1hX3ZlcnNpb24iOiIxIn0=",
          "dependencies": [
            "aws_vpc.LouisVPC"
          ]
        }
      ]
    },
    {
      "mode": "managed",
      "type": "aws_security_group",
      "name": "ssh_sg",
      "provider": "provider[\"registry.terraform.io/hashicorp/aws\"]",
      "instances": [
        {
          "schema_version": 1,
          "attributes": {
            "arn": "arn:aws:ec2:us-east-2:989589514705:security-group/sg-0aa58ce4cc838aafd",
            "description": "Allow SSH inbound traffic",
            "egress": [
              {
                "cidr_blocks": [
                  "0.0.0.0/0"
                ],
                "description": "",
                "from_port": 0,
                "ipv6_cidr_blocks": [],
                "prefix_list_ids": [],
                "protocol": "-1",
                "security_groups": [],
                "self": false,
                "to_port": 0
              }
            ],
            "id": "sg-0aa58ce4cc838aafd",
            "ingress": [
              {
                "cidr_blocks": [
                  "0.0.0.0/0"
                ],
                "description": "",
                "from_port": 22,
                "ipv6_cidr_blocks": [],
                "prefix_list_ids": [],
                "protocol": "tcp",
                "security_groups": [],
                "self": false,
                "to_port": 22
              }
            ],
            "name": "SSHAccess",
            "name_prefix": "",
            "owner_id": "989589514705",
            "revoke_rules_on_delete": false,
            "tags": {},
            "tags_all": {},
            "timeouts": null,
            "vpc_id": "vpc-0cf1b3d813da2abf4"
          },
          "sensitive_attributes": [],
          "private": "eyJlMmJmYjczMC1lY2FhLTExZTYtOGY4OC0zNDM2M2JjN2M0YzAiOnsiY3JlYXRlIjo2MDAwMDAwMDAwMDAsImRlbGV0ZSI6OTAwMDAwMDAwMDAwfSwic2NoZW1hX3ZlcnNpb24iOiIxIn0=",
          "dependencies": [
            "aws_vpc.LouisVPC"
          ]
        }
      ]
    },
    {
      "mode": "managed",
      "type": "aws_subnet",
      "name": "private_subnet",
      "provider": "provider[\"registry.terraform.io/hashicorp/aws\"]",
      "instances": [
        {
          "schema_version": 1,
          "attributes": {
            "arn": "arn:aws:ec2:us-east-2:989589514705:subnet/subnet-0011ece4c2755ee5e",
            "assign_ipv6_address_on_creation": false,
            "availability_zone": "us-east-2a",
            "availability_zone_id": "use2-az1",
            "cidr_block": "10.0.64.0/24",
            "customer_owned_ipv4_pool": "",
            "enable_dns64": false,
            "enable_lni_at_device_index": 0,
            "enable_resource_name_dns_a_record_on_launch": false,
            "enable_resource_name_dns_aaaa_record_on_launch": false,
            "id": "subnet-0011ece4c2755ee5e",
            "ipv6_cidr_block": "",
            "ipv6_cidr_block_association_id": "",
            "ipv6_native": false,
            "map_customer_owned_ip_on_launch": false,
            "map_public_ip_on_launch": false,
            "outpost_arn": "",
            "owner_id": "989589514705",
            "private_dns_hostname_type_on_launch": "ip-name",
            "tags": {
              "Name": "PrivateSubnet"
            },
            "tags_all": {
              "Name": "PrivateSubnet"
            },
            "timeouts": null,
            "vpc_id": "vpc-0cf1b3d813da2abf4"
          },
          "sensitive_attributes": [],
          "private": "eyJlMmJmYjczMC1lY2FhLTExZTYtOGY4OC0zNDM2M2JjN2M0YzAiOnsiY3JlYXRlIjo2MDAwMDAwMDAwMDAsImRlbGV0ZSI6MTIwMDAwMDAwMDAwMH0sInNjaGVtYV92ZXJzaW9uIjoiMSJ9",
          "dependencies": [
            "aws_vpc.LouisVPC"
          ]
        }
      ]
    },
    {
      "mode": "managed",
      "type": "aws_subnet",
      "name": "public_subnet",
      "provider": "provider[\"registry.terraform.io/hashicorp/aws\"]",
      "instances": [
        {
          "schema_version": 1,
          "attributes": {
            "arn": "arn:aws:ec2:us-east-2:989589514705:subnet/subnet-09d4d80c3ad4e2214",
            "assign_ipv6_address_on_creation": false,
            "availability_zone": "us-east-2a",
            "availability_zone_id": "use2-az1",
            "cidr_block": "10.0.1.0/24",
            "customer_owned_ipv4_pool": "",
            "enable_dns64": false,
            "enable_lni_at_device_index": 0,
            "enable_resource_name_dns_a_record_on_launch": false,
            "enable_resource_name_dns_aaaa_record_on_launch": false,
            "id": "subnet-09d4d80c3ad4e2214",
            "ipv6_cidr_block": "",
            "ipv6_cidr_block_association_id": "",
            "ipv6_native": false,
            "map_customer_owned_ip_on_launch": false,
            "map_public_ip_on_launch": false,
            "outpost_arn": "",
            "owner_id": "989589514705",
            "private_dns_hostname_type_on_launch": "ip-name",
            "tags": {
              "Name": "LouisVPC"
            },
            "tags_all": {
              "Name": "LouisVPC"
            },
            "timeouts": null,
            "vpc_id": "vpc-0cf1b3d813da2abf4"
          },
          "sensitive_attributes": [],
          "private": "eyJlMmJmYjczMC1lY2FhLTExZTYtOGY4OC0zNDM2M2JjN2M0YzAiOnsiY3JlYXRlIjo2MDAwMDAwMDAwMDAsImRlbGV0ZSI6MTIwMDAwMDAwMDAwMH0sInNjaGVtYV92ZXJzaW9uIjoiMSJ9",
          "dependencies": [
            "aws_vpc.LouisVPC"
          ]
        }
      ]
    },
    {
      "mode": "managed",
      "type": "aws_vpc",
      "name": "LouisVPC",
      "provider": "provider[\"registry.terraform.io/hashicorp/aws\"]",
      "instances": [
        {
          "schema_version": 1,
          "attributes": {
            "arn": "arn:aws:ec2:us-east-2:989589514705:vpc/vpc-0cf1b3d813da2abf4",
            "assign_generated_ipv6_cidr_block": false,
            "cidr_block": "10.0.0.0/16",
            "default_network_acl_id": "acl-0f601fe6841d88be7",
            "default_route_table_id": "rtb-087f5820e04b27831",
            "default_security_group_id": "sg-0f7aa9e711c01f6e3",
            "dhcp_options_id": "dopt-0effff318b3f8f605",
            "enable_dns_hostnames": false,
            "enable_dns_support": true,
            "enable_network_address_usage_metrics": false,
            "id": "vpc-0cf1b3d813da2abf4",
            "instance_tenancy": "default",
            "ipv4_ipam_pool_id": null,
            "ipv4_netmask_length": null,
            "ipv6_association_id": "",
            "ipv6_cidr_block": "",
            "ipv6_cidr_block_network_border_group": "",
            "ipv6_ipam_pool_id": "",
            "ipv6_netmask_length": 0,
            "main_route_table_id": "rtb-087f5820e04b27831",
            "owner_id": "989589514705",
            "tags": {
              "Name": "LouisVPC"
            },
            "tags_all": {
              "Name": "LouisVPC"
            }
          },
          "sensitive_attributes": [],
          "private": "eyJzY2hlbWFfdmVyc2lvbiI6IjEifQ=="
        }
      ]
    },
    {
      "mode": "managed",
      "type": "github_repository",
      "name": "new_repo",
      "provider": "provider[\"registry.terraform.io/hashicorp/github\"]",
      "instances": [
        {
          "schema_version": 1,
          "attributes": {
            "allow_auto_merge": false,
            "allow_merge_commit": true,
            "allow_rebase_merge": true,
            "allow_squash_merge": true,
            "allow_update_branch": false,
            "archive_on_destroy": null,
            "archived": false,
            "auto_init": null,
            "default_branch": "main",
            "delete_branch_on_merge": false,
            "description": "",
            "etag": "W/\"920f178ffe2789c9430ddab287a13a299737a5c779979b87f4ada38b2dfb025c\"",
            "full_name": "lwersiy/werso-new-repor",
            "git_clone_url": "git://github.com/lwersiy/werso-new-repor.git",
            "gitignore_template": null,
            "has_discussions": false,
            "has_downloads": false,
            "has_issues": false,
            "has_projects": false,
            "has_wiki": false,
            "homepage_url": "",
            "html_url": "https://github.com/lwersiy/werso-new-repor",
            "http_clone_url": "https://github.com/lwersiy/werso-new-repor.git",
            "id": "werso-new-repor",
            "ignore_vulnerability_alerts_during_read": null,
            "is_template": false,
            "license_template": null,
            "merge_commit_message": "PR_TITLE",
            "merge_commit_title": "MERGE_MESSAGE",
            "name": "werso-new-repor",
            "node_id": "R_kgDOKFuC5w",
            "pages": [],
            "private": false,
            "repo_id": 677085927,
            "security_and_analysis": [
              {
                "advanced_security": [],
                "secret_scanning": [
                  {
                    "status": "disabled"
                  }
                ],
                "secret_scanning_push_protection": [
                  {
                    "status": "disabled"
                  }
                ]
              }
            ],
            "squash_merge_commit_message": "COMMIT_MESSAGES",
            "squash_merge_commit_title": "COMMIT_OR_PR_TITLE",
            "ssh_clone_url": "git@github.com:lwersiy/werso-new-repor.git",
            "svn_url": "https://github.com/lwersiy/werso-new-repor",
            "template": [],
            "topics": null,
            "visibility": "public",
            "vulnerability_alerts": false
          },
          "sensitive_attributes": [],
          "private": "eyJzY2hlbWFfdmVyc2lvbiI6IjEifQ=="
        }
      ]
    },
    {
      "mode": "managed",
      "type": "github_repository",
      "name": "werso_repo",
      "provider": "provider[\"registry.terraform.io/hashicorp/github\"]",
      "instances": [
        {
          "schema_version": 1,
          "attributes": {
            "allow_auto_merge": false,
            "allow_merge_commit": true,
            "allow_rebase_merge": true,
            "allow_squash_merge": true,
            "allow_update_branch": false,
            "archive_on_destroy": null,
            "archived": false,
            "auto_init": null,
            "default_branch": "main",
            "delete_branch_on_merge": false,
            "description": "",
            "etag": "W/\"e3495a73f71259d862c5210b9c52091e5139ede1e33b7fcca4945032e3e18a8a\"",
            "full_name": "lwersiy/werso_repo",
            "git_clone_url": "git://github.com/lwersiy/werso_repo.git",
            "gitignore_template": null,
            "has_discussions": false,
            "has_downloads": false,
            "has_issues": false,
            "has_projects": false,
            "has_wiki": false,
            "homepage_url": "",
            "html_url": "https://github.com/lwersiy/werso_repo",
            "http_clone_url": "https://github.com/lwersiy/werso_repo.git",
            "id": "werso_repo",
            "ignore_vulnerability_alerts_during_read": null,
            "is_template": false,
            "license_template": null,
            "merge_commit_message": "PR_TITLE",
            "merge_commit_title": "MERGE_MESSAGE",
            "name": "werso_repo",
            "node_id": "R_kgDOKFt38w",
            "pages": [],
            "private": false,
            "repo_id": 677083123,
            "security_and_analysis": [
              {
                "advanced_security": [],
                "secret_scanning": [
                  {
                    "status": "disabled"
                  }
                ],
                "secret_scanning_push_protection": [
                  {
                    "status": "disabled"
                  }
                ]
              }
            ],
            "squash_merge_commit_message": "COMMIT_MESSAGES",
            "squash_merge_commit_title": "COMMIT_OR_PR_TITLE",
            "ssh_clone_url": "git@github.com:lwersiy/werso_repo.git",
            "svn_url": "https://github.com/lwersiy/werso_repo",
            "template": [],
            "topics": null,
            "visibility": "public",
            "vulnerability_alerts": false
          },
          "sensitive_attributes": [],
          "private": "eyJzY2hlbWFfdmVyc2lvbiI6IjEifQ=="
        }
      ]
    }
  ],
  "check_results": null
}
